
Microsoft Visual Studio Solution File, Format Version 12.00
# Visual Studio 15
VisualStudioVersion = 15.0.28010.2046
MinimumVisualStudioVersion = 10.0.40219.1
Project("{FAE04EC0-301F-11D3-BF4B-00C04F79EFBC}") = "exam", "exam\exam.csproj", "{06F93247-836C-4531-9911-67B69BD3F504}"
EndProject
Global
	GlobalSection(SolutionConfigurationPlatforms) = preSolution
		Debug|Any CPU = Debug|Any CPU
		Release|Any CPU = Release|Any CPU
	EndGlobalSection
	GlobalSection(ProjectConfigurationPlatforms) = postSolution
		{06F93247-836C-4531-9911-67B69BD3F504}.Debug|Any CPU.ActiveCfg = Debug|Any CPU
		{06F93247-836C-4531-9911-67B69BD3F504}.Debug|Any CPU.Build.0 = Debug|Any CPU
		{06F93247-836C-4531-9911-67B69BD3F504}.Release|Any CPU.ActiveCfg = Release|Any CPU
		{06F93247-836C-4531-9911-67B69BD3F504}.Release|Any CPU.Build.0 = Release|Any CPU
	EndGlobalSection
	GlobalSection(SolutionProperties) = preSolution
		HideSolutionNode = FALSE
	EndGlobalSection
	GlobalSection(ExtensibilityGlobals) = postSolution
		SolutionGuid = {D62B1A7E-1254-4587-A5B4-13C1CBD80D30}
	EndGlobalSection
EndGlobal
